
Microsoft Visual Studio Solution File, Format Version 12.00
# Visual Studio Version 17
VisualStudioVersion = 17.0.32112.339
MinimumVisualStudioVersion = 10.0.40219.1
Project("{9A19103F-16F7-4668-BE54-9A1E7A4F7556}") = "MovieList", "MovieList\MovieList.csproj", "{BFD1AC99-93C6-4578-8EAC-8F91342D9669}"
EndProject
Project("{2150E333-8FDC-42A3-9474-1A3956D46DE8}") = "Solution Items", "Solution Items", "{9A395D3C-4F94-43EF-B1AA-EDCEC8ED2632}"
	ProjectSection(SolutionItems) = preProject
		.editorconfig = .editorconfig
	EndProjectSection
EndProject
Project("{FAE04EC0-301F-11D3-BF4B-00C04F79EFBC}") = "MovieList.UnitTests", "MovieList.UnitTests\MovieList.UnitTests.csproj", "{3BD45ED8-AFC4-4352-99B7-67D842533C8C}"
EndProject
Global
	GlobalSection(SolutionConfigurationPlatforms) = preSolution
		Debug|Any CPU = Debug|Any CPU
		Release|Any CPU = Release|Any CPU
	EndGlobalSection
	GlobalSection(ProjectConfigurationPlatforms) = postSolution
		{BFD1AC99-93C6-4578-8EAC-8F91342D9669}.Debug|Any CPU.ActiveCfg = Debug|Any CPU
		{BFD1AC99-93C6-4578-8EAC-8F91342D9669}.Debug|Any CPU.Build.0 = Debug|Any CPU
		{BFD1AC99-93C6-4578-8EAC-8F91342D9669}.Release|Any CPU.ActiveCfg = Release|Any CPU
		{BFD1AC99-93C6-4578-8EAC-8F91342D9669}.Release|Any CPU.Build.0 = Release|Any CPU
		{3BD45ED8-AFC4-4352-99B7-67D842533C8C}.Debug|Any CPU.ActiveCfg = Debug|Any CPU
		{3BD45ED8-AFC4-4352-99B7-67D842533C8C}.Debug|Any CPU.Build.0 = Debug|Any CPU
		{3BD45ED8-AFC4-4352-99B7-67D842533C8C}.Release|Any CPU.ActiveCfg = Release|Any CPU
		{3BD45ED8-AFC4-4352-99B7-67D842533C8C}.Release|Any CPU.Build.0 = Release|Any CPU
	EndGlobalSection
	GlobalSection(SolutionProperties) = preSolution
		HideSolutionNode = FALSE
	EndGlobalSection
	GlobalSection(ExtensibilityGlobals) = postSolution
		SolutionGuid = {707C0431-D28B-4B6F-9481-E1FE6E5756AF}
	EndGlobalSection
EndGlobal
